// !$*UTF8*$!
{
	archiveVersion = 1;
	classes = {
	};
	objectVersion = 55;
	objects = {

/* Begin PBXBuildFile section */
		0403C25D28B6661600823B05 /* CategoryModel.swift in Sources */ = {isa = PBXBuildFile; fileRef = 0403C25C28B6661600823B05 /* CategoryModel.swift */; };
		0403C25F28B66C9800823B05 /* ProductModel.swift in Sources */ = {isa = PBXBuildFile; fileRef = 0403C25E28B66C9800823B05 /* ProductModel.swift */; };
		0403C26128B74A7700823B05 /* HomeHeader.swift in Sources */ = {isa = PBXBuildFile; fileRef = 0403C26028B74A7700823B05 /* HomeHeader.swift */; };
		0403C26328B796B000823B05 /* ChatCell.swift in Sources */ = {isa = PBXBuildFile; fileRef = 0403C26228B796B000823B05 /* ChatCell.swift */; };
		041AFA8028B9093B00CC4A93 /* ProfileCell.swift in Sources */ = {isa = PBXBuildFile; fileRef = 041AFA7F28B9093B00CC4A93 /* ProfileCell.swift */; };
		041AFA8228B90AC000CC4A93 /* ProfileHeader.swift in Sources */ = {isa = PBXBuildFile; fileRef = 041AFA8128B90AC000CC4A93 /* ProfileHeader.swift */; };
		041AFA8428B96F2C00CC4A93 /* ProfileModel.swift in Sources */ = {isa = PBXBuildFile; fileRef = 041AFA8328B96F2C00CC4A93 /* ProfileModel.swift */; };
		04B1C3D328B89E3A00BDD20D /* SellCell.swift in Sources */ = {isa = PBXBuildFile; fileRef = 04B1C3D228B89E3A00BDD20D /* SellCell.swift */; };
		04C2F6F328B7A4F7007A6297 /* SellProduct.swift in Sources */ = {isa = PBXBuildFile; fileRef = 04C2F6F228B7A4F7007A6297 /* SellProduct.swift */; };
		04CB693528B5F6E500BE6466 /* AppDelegate.swift in Sources */ = {isa = PBXBuildFile; fileRef = 04CB693428B5F6E500BE6466 /* AppDelegate.swift */; };
		04CB693728B5F6E500BE6466 /* SceneDelegate.swift in Sources */ = {isa = PBXBuildFile; fileRef = 04CB693628B5F6E500BE6466 /* SceneDelegate.swift */; };
		04CB693928B5F6E500BE6466 /* ViewController.swift in Sources */ = {isa = PBXBuildFile; fileRef = 04CB693828B5F6E500BE6466 /* ViewController.swift */; };
		04CB693C28B5F6E500BE6466 /* Main.storyboard in Resources */ = {isa = PBXBuildFile; fileRef = 04CB693A28B5F6E500BE6466 /* Main.storyboard */; };
		04CB693E28B5F6E900BE6466 /* Assets.xcassets in Resources */ = {isa = PBXBuildFile; fileRef = 04CB693D28B5F6E900BE6466 /* Assets.xcassets */; };
		04CB694128B5F6E900BE6466 /* LaunchScreen.storyboard in Resources */ = {isa = PBXBuildFile; fileRef = 04CB693F28B5F6E900BE6466 /* LaunchScreen.storyboard */; };
		04CB694A28B5F7AE00BE6466 /* MainTabController.swift in Sources */ = {isa = PBXBuildFile; fileRef = 04CB694928B5F7AE00BE6466 /* MainTabController.swift */; };
		04CB694C28B5F85500BE6466 /* HomeController.swift in Sources */ = {isa = PBXBuildFile; fileRef = 04CB694B28B5F85500BE6466 /* HomeController.swift */; };
		04CB694E28B5F86700BE6466 /* ChatController.swift in Sources */ = {isa = PBXBuildFile; fileRef = 04CB694D28B5F86700BE6466 /* ChatController.swift */; };
		04CB695028B5F87900BE6466 /* SellController.swift in Sources */ = {isa = PBXBuildFile; fileRef = 04CB694F28B5F87900BE6466 /* SellController.swift */; };
		04CB695228B5F8DB00BE6466 /* ProductsController.swift in Sources */ = {isa = PBXBuildFile; fileRef = 04CB695128B5F8DB00BE6466 /* ProductsController.swift */; };
		04CB695428B5F8E700BE6466 /* ProfileController.swift in Sources */ = {isa = PBXBuildFile; fileRef = 04CB695328B5F8E700BE6466 /* ProfileController.swift */; };
		04CB695628B6082C00BE6466 /* Extensions.swift in Sources */ = {isa = PBXBuildFile; fileRef = 04CB695528B6082C00BE6466 /* Extensions.swift */; };
		04CB695B28B6327700BE6466 /* ProductCell.swift in Sources */ = {isa = PBXBuildFile; fileRef = 04CB695A28B6327700BE6466 /* ProductCell.swift */; };
		04CB695D28B6478E00BE6466 /* CategoriesCell.swift in Sources */ = {isa = PBXBuildFile; fileRef = 04CB695C28B6478E00BE6466 /* CategoriesCell.swift */; };
		04D2B16328B8B6F6005F7EC6 /* ProductsCell.swift in Sources */ = {isa = PBXBuildFile; fileRef = 04D2B16228B8B6F6005F7EC6 /* ProductsCell.swift */; };
/* End PBXBuildFile section */

/* Begin PBXFileReference section */
		0403C25C28B6661600823B05 /* CategoryModel.swift */ = {isa = PBXFileReference; lastKnownFileType = sourcecode.swift; path = CategoryModel.swift; sourceTree = "<group>"; };
		0403C25E28B66C9800823B05 /* ProductModel.swift */ = {isa = PBXFileReference; lastKnownFileType = sourcecode.swift; path = ProductModel.swift; sourceTree = "<group>"; };
		0403C26028B74A7700823B05 /* HomeHeader.swift */ = {isa = PBXFileReference; lastKnownFileType = sourcecode.swift; path = HomeHeader.swift; sourceTree = "<group>"; };
		0403C26228B796B000823B05 /* ChatCell.swift */ = {isa = PBXFileReference; lastKnownFileType = sourcecode.swift; path = ChatCell.swift; sourceTree = "<group>"; };
		041AFA7F28B9093B00CC4A93 /* ProfileCell.swift */ = {isa = PBXFileReference; lastKnownFileType = sourcecode.swift; path = ProfileCell.swift; sourceTree = "<group>"; };
		041AFA8128B90AC000CC4A93 /* ProfileHeader.swift */ = {isa = PBXFileReference; lastKnownFileType = sourcecode.swift; path = ProfileHeader.swift; sourceTree = "<group>"; };
		041AFA8328B96F2C00CC4A93 /* ProfileModel.swift */ = {isa = PBXFileReference; lastKnownFileType = sourcecode.swift; path = ProfileModel.swift; sourceTree = "<group>"; };
		04B1C3D228B89E3A00BDD20D /* SellCell.swift */ = {isa = PBXFileReference; lastKnownFileType = sourcecode.swift; path = SellCell.swift; sourceTree = "<group>"; };
		04C2F6F228B7A4F7007A6297 /* SellProduct.swift */ = {isa = PBXFileReference; lastKnownFileType = sourcecode.swift; path = SellProduct.swift; sourceTree = "<group>"; };
		04CB693128B5F6E500BE6466 /* LetgoUI.app */ = {isa = PBXFileReference; explicitFileType = wrapper.application; includeInIndex = 0; path = LetgoUI.app; sourceTree = BUILT_PRODUCTS_DIR; };
		04CB693428B5F6E500BE6466 /* AppDelegate.swift */ = {isa = PBXFileReference; lastKnownFileType = sourcecode.swift; path = AppDelegate.swift; sourceTree = "<group>"; };
		04CB693628B5F6E500BE6466 /* SceneDelegate.swift */ = {isa = PBXFileReference; lastKnownFileType = sourcecode.swift; path = SceneDelegate.swift; sourceTree = "<group>"; };
		04CB693828B5F6E500BE6466 /* ViewController.swift */ = {isa = PBXFileReference; lastKnownFileType = sourcecode.swift; path = ViewController.swift; sourceTree = "<group>"; };
		04CB693B28B5F6E500BE6466 /* Base */ = {isa = PBXFileReference; lastKnownFileType = file.storyboard; name = Base; path = Base.lproj/Main.storyboard; sourceTree = "<group>"; };
		04CB693D28B5F6E900BE6466 /* Assets.xcassets */ = {isa = PBXFileReference; lastKnownFileType = folder.assetcatalog; path = Assets.xcassets; sourceTree = "<group>"; };
		04CB694028B5F6E900BE6466 /* Base */ = {isa = PBXFileReference; lastKnownFileType = file.storyboard; name = Base; path = Base.lproj/LaunchScreen.storyboard; sourceTree = "<group>"; };
		04CB694228B5F6E900BE6466 /* Info.plist */ = {isa = PBXFileReference; lastKnownFileType = text.plist.xml; path = Info.plist; sourceTree = "<group>"; };
		04CB694928B5F7AE00BE6466 /* MainTabController.swift */ = {isa = PBXFileReference; lastKnownFileType = sourcecode.swift; path = MainTabController.swift; sourceTree = "<group>"; };
		04CB694B28B5F85500BE6466 /* HomeController.swift */ = {isa = PBXFileReference; lastKnownFileType = sourcecode.swift; path = HomeController.swift; sourceTree = "<group>"; };
		04CB694D28B5F86700BE6466 /* ChatController.swift */ = {isa = PBXFileReference; lastKnownFileType = sourcecode.swift; path = ChatController.swift; sourceTree = "<group>"; };
		04CB694F28B5F87900BE6466 /* SellController.swift */ = {isa = PBXFileReference; lastKnownFileType = sourcecode.swift; path = SellController.swift; sourceTree = "<group>"; };
		04CB695128B5F8DB00BE6466 /* ProductsController.swift */ = {isa = PBXFileReference; lastKnownFileType = sourcecode.swift; path = ProductsController.swift; sourceTree = "<group>"; };
		04CB695328B5F8E700BE6466 /* ProfileController.swift */ = {isa = PBXFileReference; lastKnownFileType = sourcecode.swift; path = ProfileController.swift; sourceTree = "<group>"; };
		04CB695528B6082C00BE6466 /* Extensions.swift */ = {isa = PBXFileReference; lastKnownFileType = sourcecode.swift; path = Extensions.swift; sourceTree = "<group>"; };
		04CB695A28B6327700BE6466 /* ProductCell.swift */ = {isa = PBXFileReference; lastKnownFileType = sourcecode.swift; path = ProductCell.swift; sourceTree = "<group>"; };
		04CB695C28B6478E00BE6466 /* CategoriesCell.swift */ = {isa = PBXFileReference; lastKnownFileType = sourcecode.swift; path = CategoriesCell.swift; sourceTree = "<group>"; };
		04D2B16228B8B6F6005F7EC6 /* ProductsCell.swift */ = {isa = PBXFileReference; lastKnownFileType = sourcecode.swift; path = ProductsCell.swift; sourceTree = "<group>"; };
/* End PBXFileReference section */

/* Begin PBXFrameworksBuildPhase section */
		04CB692E28B5F6E500BE6466 /* Frameworks */ = {
			isa = PBXFrameworksBuildPhase;
			buildActionMask = 2147483647;
			files = (
			);
			runOnlyForDeploymentPostprocessing = 0;
		};
/* End PBXFrameworksBuildPhase section */

/* Begin PBXGroup section */
		041AFA8528B972A200CC4A93 /* Model */ = {
			isa = PBXGroup;
			children = (
				0403C25E28B66C9800823B05 /* ProductModel.swift */,
				041AFA8328B96F2C00CC4A93 /* ProfileModel.swift */,
				0403C25C28B6661600823B05 /* CategoryModel.swift */,
			);
			path = Model;
			sourceTree = "<group>";
		};
		041AFA8628B972CC00CC4A93 /* Utils */ = {
			isa = PBXGroup;
			children = (
				04CB695528B6082C00BE6466 /* Extensions.swift */,
			);
			path = Utils;
			sourceTree = "<group>";
		};
		041AFA8728B972DC00CC4A93 /* Core */ = {
			isa = PBXGroup;
			children = (
				04CB693628B5F6E500BE6466 /* SceneDelegate.swift */,
				04CB693F28B5F6E900BE6466 /* LaunchScreen.storyboard */,
				04CB693A28B5F6E500BE6466 /* Main.storyboard */,
				04CB693828B5F6E500BE6466 /* ViewController.swift */,
				04CB693428B5F6E500BE6466 /* AppDelegate.swift */,
			);
			path = Core;
			sourceTree = "<group>";
		};
		04CB692828B5F6E500BE6466 = {
			isa = PBXGroup;
			children = (
				04CB693328B5F6E500BE6466 /* LetgoUI */,
				04CB693228B5F6E500BE6466 /* Products */,
			);
			sourceTree = "<group>";
		};
		04CB693228B5F6E500BE6466 /* Products */ = {
			isa = PBXGroup;
			children = (
				04CB693128B5F6E500BE6466 /* LetgoUI.app */,
			);
			name = Products;
			sourceTree = "<group>";
		};
		04CB693328B5F6E500BE6466 /* LetgoUI */ = {
			isa = PBXGroup;
			children = (
				041AFA8728B972DC00CC4A93 /* Core */,
				041AFA8628B972CC00CC4A93 /* Utils */,
				041AFA8528B972A200CC4A93 /* Model */,
				04CB695728B631AC00BE6466 /* View */,
				04CB694828B5F78E00BE6466 /* Controller */,
				04CB693D28B5F6E900BE6466 /* Assets.xcassets */,
				04CB694228B5F6E900BE6466 /* Info.plist */,
			);
			path = LetgoUI;
			sourceTree = "<group>";
		};
		04CB694828B5F78E00BE6466 /* Controller */ = {
			isa = PBXGroup;
			children = (
				04CB694928B5F7AE00BE6466 /* MainTabController.swift */,
				04CB694B28B5F85500BE6466 /* HomeController.swift */,
				04CB694D28B5F86700BE6466 /* ChatController.swift */,
				04CB694F28B5F87900BE6466 /* SellController.swift */,
				04CB695128B5F8DB00BE6466 /* ProductsController.swift */,
				04CB695328B5F8E700BE6466 /* ProfileController.swift */,
			);
			path = Controller;
			sourceTree = "<group>";
		};
		04CB695728B631AC00BE6466 /* View */ = {
			isa = PBXGroup;
			children = (
				04CB695A28B6327700BE6466 /* ProductCell.swift */,
				04CB695C28B6478E00BE6466 /* CategoriesCell.swift */,
				0403C26228B796B000823B05 /* ChatCell.swift */,
				041AFA7F28B9093B00CC4A93 /* ProfileCell.swift */,
				0403C26028B74A7700823B05 /* HomeHeader.swift */,
				04B1C3D228B89E3A00BDD20D /* SellCell.swift */,
				04D2B16228B8B6F6005F7EC6 /* ProductsCell.swift */,
				041AFA8128B90AC000CC4A93 /* ProfileHeader.swift */,
				04C2F6F228B7A4F7007A6297 /* SellProduct.swift */,
			);
			path = View;
			sourceTree = "<group>";
		};
/* End PBXGroup section */

/* Begin PBXNativeTarget section */
		04CB693028B5F6E500BE6466 /* LetgoUI */ = {
			isa = PBXNativeTarget;
			buildConfigurationList = 04CB694528B5F6E900BE6466 /* Build configuration list for PBXNativeTarget "LetgoUI" */;
			buildPhases = (
				04CB692D28B5F6E500BE6466 /* Sources */,
				04CB692E28B5F6E500BE6466 /* Frameworks */,
				04CB692F28B5F6E500BE6466 /* Resources */,
			);
			buildRules = (
			);
			dependencies = (
			);
			name = LetgoUI;
			productName = LetgoUI;
			productReference = 04CB693128B5F6E500BE6466 /* LetgoUI.app */;
			productType = "com.apple.product-type.application";
		};
/* End PBXNativeTarget section */

/* Begin PBXProject section */
		04CB692928B5F6E500BE6466 /* Project object */ = {
			isa = PBXProject;
			attributes = {
				BuildIndependentTargetsInParallel = 1;
				LastSwiftUpdateCheck = 1340;
				LastUpgradeCheck = 1340;
				TargetAttributes = {
					04CB693028B5F6E500BE6466 = {
						CreatedOnToolsVersion = 13.4.1;
					};
				};
			};
			buildConfigurationList = 04CB692C28B5F6E500BE6466 /* Build configuration list for PBXProject "LetgoUI" */;
			compatibilityVersion = "Xcode 13.0";
			developmentRegion = en;
			hasScannedForEncodings = 0;
			knownRegions = (
				en,
				Base,
			);
			mainGroup = 04CB692828B5F6E500BE6466;
			productRefGroup = 04CB693228B5F6E500BE6466 /* Products */;
			projectDirPath = "";
			projectRoot = "";
			targets = (
				04CB693028B5F6E500BE6466 /* LetgoUI */,
			);
		};
/* End PBXProject section */

/* Begin PBXResourcesBuildPhase section */
		04CB692F28B5F6E500BE6466 /* Resources */ = {
			isa = PBXResourcesBuildPhase;
			buildActionMask = 2147483647;
			files = (
				04CB694128B5F6E900BE6466 /* LaunchScreen.storyboard in Resources */,
				04CB693E28B5F6E900BE6466 /* Assets.xcassets in Resources */,
				04CB693C28B5F6E500BE6466 /* Main.storyboard in Resources */,
			);
			runOnlyForDeploymentPostprocessing = 0;
		};
/* End PBXResourcesBuildPhase section */

/* Begin PBXSourcesBuildPhase section */
		04CB692D28B5F6E500BE6466 /* Sources */ = {
			isa = PBXSourcesBuildPhase;
			buildActionMask = 2147483647;
			files = (
				0403C25D28B6661600823B05 /* CategoryModel.swift in Sources */,
				04B1C3D328B89E3A00BDD20D /* SellCell.swift in Sources */,
				04CB695D28B6478E00BE6466 /* CategoriesCell.swift in Sources */,
				041AFA8428B96F2C00CC4A93 /* ProfileModel.swift in Sources */,
				04CB693928B5F6E500BE6466 /* ViewController.swift in Sources */,
				04CB693528B5F6E500BE6466 /* AppDelegate.swift in Sources */,
				04CB694A28B5F7AE00BE6466 /* MainTabController.swift in Sources */,
				0403C25F28B66C9800823B05 /* ProductModel.swift in Sources */,
				04CB695228B5F8DB00BE6466 /* ProductsController.swift in Sources */,
				04CB693728B5F6E500BE6466 /* SceneDelegate.swift in Sources */,
				041AFA8028B9093B00CC4A93 /* ProfileCell.swift in Sources */,
				04CB695628B6082C00BE6466 /* Extensions.swift in Sources */,
				04C2F6F328B7A4F7007A6297 /* SellProduct.swift in Sources */,
				0403C26328B796B000823B05 /* ChatCell.swift in Sources */,
				04CB695428B5F8E700BE6466 /* ProfileController.swift in Sources */,
				041AFA8228B90AC000CC4A93 /* ProfileHeader.swift in Sources */,
				04CB694C28B5F85500BE6466 /* HomeController.swift in Sources */,
				04CB695028B5F87900BE6466 /* SellController.swift in Sources */,
				04CB695B28B6327700BE6466 /* ProductCell.swift in Sources */,
				04D2B16328B8B6F6005F7EC6 /* ProductsCell.swift in Sources */,
				04CB694E28B5F86700BE6466 /* ChatController.swift in Sources */,
				0403C26128B74A7700823B05 /* HomeHeader.swift in Sources */,
			);
			runOnlyForDeploymentPostprocessing = 0;
		};
/* End PBXSourcesBuildPhase section */

/* Begin PBXVariantGroup section */
		04CB693A28B5F6E500BE6466 /* Main.storyboard */ = {
			isa = PBXVariantGroup;
			children = (
				04CB693B28B5F6E500BE6466 /* Base */,
			);
			name = Main.storyboard;
			sourceTree = "<group>";
		};
		04CB693F28B5F6E900BE6466 /* LaunchScreen.storyboard */ = {
			isa = PBXVariantGroup;
			children = (
				04CB694028B5F6E900BE6466 /* Base */,
			);
			name = LaunchScreen.storyboard;
			sourceTree = "<group>";
		};
/* End PBXVariantGroup section */

/* Begin XCBuildConfiguration section */
		04CB694328B5F6E900BE6466 /* Debug */ = {
			isa = XCBuildConfiguration;
			buildSettings = {
				ALWAYS_SEARCH_USER_PATHS = NO;
				CLANG_ANALYZER_NONNULL = YES;
				CLANG_ANALYZER_NUMBER_OBJECT_CONVERSION = YES_AGGRESSIVE;
				CLANG_CXX_LANGUAGE_STANDARD = "gnu++17";
				CLANG_ENABLE_MODULES = YES;
				CLANG_ENABLE_OBJC_ARC = YES;
				CLANG_ENABLE_OBJC_WEAK = YES;
				CLANG_WARN_BLOCK_CAPTURE_AUTORELEASING = YES;
				CLANG_WARN_BOOL_CONVERSION = YES;
				CLANG_WARN_COMMA = YES;
				CLANG_WARN_CONSTANT_CONVERSION = YES;
				CLANG_WARN_DEPRECATED_OBJC_IMPLEMENTATIONS = YES;
				CLANG_WARN_DIRECT_OBJC_ISA_USAGE = YES_ERROR;
				CLANG_WARN_DOCUMENTATION_COMMENTS = YES;
				CLANG_WARN_EMPTY_BODY = YES;
				CLANG_WARN_ENUM_CONVERSION = YES;
				CLANG_WARN_INFINITE_RECURSION = YES;
				CLANG_WARN_INT_CONVERSION = YES;
				CLANG_WARN_NON_LITERAL_NULL_CONVERSION = YES;
				CLANG_WARN_OBJC_IMPLICIT_RETAIN_SELF = YES;
				CLANG_WARN_OBJC_LITERAL_CONVERSION = YES;
				CLANG_WARN_OBJC_ROOT_CLASS = YES_ERROR;
				CLANG_WARN_QUOTED_INCLUDE_IN_FRAMEWORK_HEADER = YES;
				CLANG_WARN_RANGE_LOOP_ANALYSIS = YES;
				CLANG_WARN_STRICT_PROTOTYPES = YES;
				CLANG_WARN_SUSPICIOUS_MOVE = YES;
				CLANG_WARN_UNGUARDED_AVAILABILITY = YES_AGGRESSIVE;
				CLANG_WARN_UNREACHABLE_CODE = YES;
				CLANG_WARN__DUPLICATE_METHOD_MATCH = YES;
				COPY_PHASE_STRIP = NO;
				DEBUG_INFORMATION_FORMAT = dwarf;
				ENABLE_STRICT_OBJC_MSGSEND = YES;
				ENABLE_TESTABILITY = YES;
				GCC_C_LANGUAGE_STANDARD = gnu11;
				GCC_DYNAMIC_NO_PIC = NO;
				GCC_NO_COMMON_BLOCKS = YES;
				GCC_OPTIMIZATION_LEVEL = 0;
				GCC_PREPROCESSOR_DEFINITIONS = (
					"DEBUG=1",
					"$(inherited)",
				);
				GCC_WARN_64_TO_32_BIT_CONVERSION = YES;
				GCC_WARN_ABOUT_RETURN_TYPE = YES_ERROR;
				GCC_WARN_UNDECLARED_SELECTOR = YES;
				GCC_WARN_UNINITIALIZED_AUTOS = YES_AGGRESSIVE;
				GCC_WARN_UNUSED_FUNCTION = YES;
				GCC_WARN_UNUSED_VARIABLE = YES;
				IPHONEOS_DEPLOYMENT_TARGET = 15.5;
				MTL_ENABLE_DEBUG_INFO = INCLUDE_SOURCE;
				MTL_FAST_MATH = YES;
				ONLY_ACTIVE_ARCH = YES;
				SDKROOT = iphoneos;
				SWIFT_ACTIVE_COMPILATION_CONDITIONS = DEBUG;
				SWIFT_OPTIMIZATION_LEVEL = "-Onone";
			};
			name = Debug;
		};
		04CB694428B5F6E900BE6466 /* Release */ = {
			isa = XCBuildConfiguration;
			buildSettings = {
				ALWAYS_SEARCH_USER_PATHS = NO;
				CLANG_ANALYZER_NONNULL = YES;
				CLANG_ANALYZER_NUMBER_OBJECT_CONVERSION = YES_AGGRESSIVE;
				CLANG_CXX_LANGUAGE_STANDARD = "gnu++17";
				CLANG_ENABLE_MODULES = YES;
				CLANG_ENABLE_OBJC_ARC = YES;
				CLANG_ENABLE_OBJC_WEAK = YES;
				CLANG_WARN_BLOCK_CAPTURE_AUTORELEASING = YES;
				CLANG_WARN_BOOL_CONVERSION = YES;
				CLANG_WARN_COMMA = YES;
				CLANG_WARN_CONSTANT_CONVERSION = YES;
				CLANG_WARN_DEPRECATED_OBJC_IMPLEMENTATIONS = YES;
				CLANG_WARN_DIRECT_OBJC_ISA_USAGE = YES_ERROR;
				CLANG_WARN_DOCUMENTATION_COMMENTS = YES;
				CLANG_WARN_EMPTY_BODY = YES;
				CLANG_WARN_ENUM_CONVERSION = YES;
				CLANG_WARN_INFINITE_RECURSION = YES;
				CLANG_WARN_INT_CONVERSION = YES;
				CLANG_WARN_NON_LITERAL_NULL_CONVERSION = YES;
				CLANG_WARN_OBJC_IMPLICIT_RETAIN_SELF = YES;
				CLANG_WARN_OBJC_LITERAL_CONVERSION = YES;
				CLANG_WARN_OBJC_ROOT_CLASS = YES_ERROR;
				CLANG_WARN_QUOTED_INCLUDE_IN_FRAMEWORK_HEADER = YES;
				CLANG_WARN_RANGE_LOOP_ANALYSIS = YES;
				CLANG_WARN_STRICT_PROTOTYPES = YES;
				CLANG_WARN_SUSPICIOUS_MOVE = YES;
				CLANG_WARN_UNGUARDED_AVAILABILITY = YES_AGGRESSIVE;
				CLANG_WARN_UNREACHABLE_CODE = YES;
				CLANG_WARN__DUPLICATE_METHOD_MATCH = YES;
				COPY_PHASE_STRIP = NO;
				DEBUG_INFORMATION_FORMAT = "dwarf-with-dsym";
				ENABLE_NS_ASSERTIONS = NO;
				ENABLE_STRICT_OBJC_MSGSEND = YES;
				GCC_C_LANGUAGE_STANDARD = gnu11;
				GCC_NO_COMMON_BLOCKS = YES;
				GCC_WARN_64_TO_32_BIT_CONVERSION = YES;
				GCC_WARN_ABOUT_RETURN_TYPE = YES_ERROR;
				GCC_WARN_UNDECLARED_SELECTOR = YES;
				GCC_WARN_UNINITIALIZED_AUTOS = YES_AGGRESSIVE;
				GCC_WARN_UNUSED_FUNCTION = YES;
				GCC_WARN_UNUSED_VARIABLE = YES;
				IPHONEOS_DEPLOYMENT_TARGET = 15.5;
				MTL_ENABLE_DEBUG_INFO = NO;
				MTL_FAST_MATH = YES;
				SDKROOT = iphoneos;
				SWIFT_COMPILATION_MODE = wholemodule;
				SWIFT_OPTIMIZATION_LEVEL = "-O";
				VALIDATE_PRODUCT = YES;
			};
			name = Release;
		};
		04CB694628B5F6E900BE6466 /* Debug */ = {
			isa = XCBuildConfiguration;
			buildSettings = {
				ASSETCATALOG_COMPILER_APPICON_NAME = AppIcon;
				ASSETCATALOG_COMPILER_GLOBAL_ACCENT_COLOR_NAME = AccentColor;
				CODE_SIGN_STYLE = Automatic;
				CURRENT_PROJECT_VERSION = 1;
				DEVELOPMENT_TEAM = 5VMF794J5A;
				GENERATE_INFOPLIST_FILE = YES;
				INFOPLIST_FILE = LetgoUI/Info.plist;
				INFOPLIST_KEY_UIApplicationSupportsIndirectInputEvents = YES;
				INFOPLIST_KEY_UILaunchStoryboardName = LaunchScreen;
				INFOPLIST_KEY_UIMainStoryboardFile = Main;
				INFOPLIST_KEY_UISupportedInterfaceOrientations_iPad = "UIInterfaceOrientationPortrait UIInterfaceOrientationPortraitUpsideDown UIInterfaceOrientationLandscapeLeft UIInterfaceOrientationLandscapeRight";
				INFOPLIST_KEY_UISupportedInterfaceOrientations_iPhone = "UIInterfaceOrientationPortrait UIInterfaceOrientationLandscapeLeft UIInterfaceOrientationLandscapeRight";
				LD_RUNPATH_SEARCH_PATHS = (
					"$(inherited)",
					"@executable_path/Frameworks",
				);
				MARKETING_VERSION = 1.0;
				PRODUCT_BUNDLE_IDENTIFIER = entrepsoft.LetgoUI;
				PRODUCT_NAME = "$(TARGET_NAME)";
				SWIFT_EMIT_LOC_STRINGS = YES;
				SWIFT_VERSION = 5.0;
				TARGETED_DEVICE_FAMILY = "1,2";
			};
			name = Debug;
		};
		04CB694728B5F6E900BE6466 /* Release */ = {
			isa = XCBuildConfiguration;
			buildSettings = {
				ASSETCATALOG_COMPILER_APPICON_NAME = AppIcon;
				ASSETCATALOG_COMPILER_GLOBAL_ACCENT_COLOR_NAME = AccentColor;
				CODE_SIGN_STYLE = Automatic;
				CURRENT_PROJECT_VERSION = 1;
				DEVELOPMENT_TEAM = 5VMF794J5A;
				GENERATE_INFOPLIST_FILE = YES;
				INFOPLIST_FILE = LetgoUI/Info.plist;
				INFOPLIST_KEY_UIApplicationSupportsIndirectInputEvents = YES;
				INFOPLIST_KEY_UILaunchStoryboardName = LaunchScreen;
				INFOPLIST_KEY_UIMainStoryboardFile = Main;
				INFOPLIST_KEY_UISupportedInterfaceOrientations_iPad = "UIInterfaceOrientationPortrait UIInterfaceOrientationPortraitUpsideDown UIInterfaceOrientationLandscapeLeft UIInterfaceOrientationLandscapeRight";
				INFOPLIST_KEY_UISupportedInterfaceOrientations_iPhone = "UIInterfaceOrientationPortrait UIInterfaceOrientationLandscapeLeft UIInterfaceOrientationLandscapeRight";
				LD_RUNPATH_SEARCH_PATHS = (
					"$(inherited)",
					"@executable_path/Frameworks",
				);
				MARKETING_VERSION = 1.0;
				PRODUCT_BUNDLE_IDENTIFIER = entrepsoft.LetgoUI;
				PRODUCT_NAME = "$(TARGET_NAME)";
				SWIFT_EMIT_LOC_STRINGS = YES;
				SWIFT_VERSION = 5.0;
				TARGETED_DEVICE_FAMILY = "1,2";
			};
			name = Release;
		};
/* End XCBuildConfiguration section */

/* Begin XCConfigurationList section */
		04CB692C28B5F6E500BE6466 /* Build configuration list for PBXProject "LetgoUI" */ = {
			isa = XCConfigurationList;
			buildConfigurations = (
				04CB694328B5F6E900BE6466 /* Debug */,
				04CB694428B5F6E900BE6466 /* Release */,
			);
			defaultConfigurationIsVisible = 0;
			defaultConfigurationName = Release;
		};
		04CB694528B5F6E900BE6466 /* Build configuration list for PBXNativeTarget "LetgoUI" */ = {
			isa = XCConfigurationList;
			buildConfigurations = (
				04CB694628B5F6E900BE6466 /* Debug */,
				04CB694728B5F6E900BE6466 /* Release */,
			);
			defaultConfigurationIsVisible = 0;
			defaultConfigurationName = Release;
		};
/* End XCConfigurationList section */
	};
	rootObject = 04CB692928B5F6E500BE6466 /* Project object */;
}
